
Microsoft Visual Studio Solution File, Format Version 12.00
# Visual Studio Version 16
VisualStudioVersion = 16.0.29418.71
MinimumVisualStudioVersion = 10.0.40219.1
Project("{FAE04EC0-301F-11D3-BF4B-00C04F79EFBC}") = "DiscountCardApp.DB", "DiscountCardApp.DB\DiscountCardApp.DB.csproj", "{1C92E714-6879-46E9-B43C-7AEB0DCE5D0B}"
EndProject
Project("{FAE04EC0-301F-11D3-BF4B-00C04F79EFBC}") = "DiscountCardApp", "DiscountCardApp\DiscountCardApp.csproj", "{9E9AD888-9C01-4B40-A5F3-35110A72257B}"
EndProject
Project("{FAE04EC0-301F-11D3-BF4B-00C04F79EFBC}") = "DiscountCardApp.Generator", "DiscountCardApp.Generator\DiscountCardApp.Generator.csproj", "{3B8B24E2-29FF-43DC-971A-D27DA7AAFE1C}"
EndProject
Global
	GlobalSection(SolutionConfigurationPlatforms) = preSolution
		Debug|Any CPU = Debug|Any CPU
		Release|Any CPU = Release|Any CPU
	EndGlobalSection
	GlobalSection(ProjectConfigurationPlatforms) = postSolution
		{1C92E714-6879-46E9-B43C-7AEB0DCE5D0B}.Debug|Any CPU.ActiveCfg = Debug|Any CPU
		{1C92E714-6879-46E9-B43C-7AEB0DCE5D0B}.Debug|Any CPU.Build.0 = Debug|Any CPU
		{1C92E714-6879-46E9-B43C-7AEB0DCE5D0B}.Release|Any CPU.ActiveCfg = Release|Any CPU
		{1C92E714-6879-46E9-B43C-7AEB0DCE5D0B}.Release|Any CPU.Build.0 = Release|Any CPU
		{9E9AD888-9C01-4B40-A5F3-35110A72257B}.Debug|Any CPU.ActiveCfg = Debug|Any CPU
		{9E9AD888-9C01-4B40-A5F3-35110A72257B}.Debug|Any CPU.Build.0 = Debug|Any CPU
		{9E9AD888-9C01-4B40-A5F3-35110A72257B}.Release|Any CPU.ActiveCfg = Release|Any CPU
		{9E9AD888-9C01-4B40-A5F3-35110A72257B}.Release|Any CPU.Build.0 = Release|Any CPU
		{3B8B24E2-29FF-43DC-971A-D27DA7AAFE1C}.Debug|Any CPU.ActiveCfg = Debug|Any CPU
		{3B8B24E2-29FF-43DC-971A-D27DA7AAFE1C}.Debug|Any CPU.Build.0 = Debug|Any CPU
		{3B8B24E2-29FF-43DC-971A-D27DA7AAFE1C}.Release|Any CPU.ActiveCfg = Release|Any CPU
		{3B8B24E2-29FF-43DC-971A-D27DA7AAFE1C}.Release|Any CPU.Build.0 = Release|Any CPU
	EndGlobalSection
	GlobalSection(SolutionProperties) = preSolution
		HideSolutionNode = FALSE
	EndGlobalSection
	GlobalSection(ExtensibilityGlobals) = postSolution
		SolutionGuid = {EFD52E08-4000-4064-8060-ED68AF5CB282}
	EndGlobalSection
EndGlobal
